
Microsoft Visual Studio Solution File, Format Version 12.00
# Visual Studio Version 17
VisualStudioVersion = 17.9.34616.47
MinimumVisualStudioVersion = 10.0.40219.1
Project("{FAE04EC0-301F-11D3-BF4B-00C04F79EFBC}") = "MOD6", "MOD6.csproj", "{92F2E6B7-A1BC-46FD-9649-6D6064085DF0}"
EndProject
Global
	GlobalSection(SolutionConfigurationPlatforms) = preSolution
		Debug|Any CPU = Debug|Any CPU
		Release|Any CPU = Release|Any CPU
	EndGlobalSection
	GlobalSection(ProjectConfigurationPlatforms) = postSolution
		{92F2E6B7-A1BC-46FD-9649-6D6064085DF0}.Debug|Any CPU.ActiveCfg = Debug|Any CPU
		{92F2E6B7-A1BC-46FD-9649-6D6064085DF0}.Debug|Any CPU.Build.0 = Debug|Any CPU
		{92F2E6B7-A1BC-46FD-9649-6D6064085DF0}.Release|Any CPU.ActiveCfg = Release|Any CPU
		{92F2E6B7-A1BC-46FD-9649-6D6064085DF0}.Release|Any CPU.Build.0 = Release|Any CPU
	EndGlobalSection
	GlobalSection(SolutionProperties) = preSolution
		HideSolutionNode = FALSE
	EndGlobalSection
	GlobalSection(ExtensibilityGlobals) = postSolution
		SolutionGuid = {49BE6C00-B057-446C-8D69-9EC2EFA50166}
	EndGlobalSection
EndGlobal
